
Microsoft Visual Studio Solution File, Format Version 12.00
# Visual Studio Version 17
VisualStudioVersion = 17.4.33213.308
MinimumVisualStudioVersion = 10.0.40219.1
Project("{FAE04EC0-301F-11D3-BF4B-00C04F79EFBC}") = "ExercicesCsharp", "ExercicesCsharp.csproj", "{DD4B0ADA-1D8F-4E11-8446-463F28779D48}"
EndProject
Global
	GlobalSection(SolutionConfigurationPlatforms) = preSolution
		Debug|Any CPU = Debug|Any CPU
		Release|Any CPU = Release|Any CPU
	EndGlobalSection
	GlobalSection(ProjectConfigurationPlatforms) = postSolution
		{DD4B0ADA-1D8F-4E11-8446-463F28779D48}.Debug|Any CPU.ActiveCfg = Debug|Any CPU
		{DD4B0ADA-1D8F-4E11-8446-463F28779D48}.Debug|Any CPU.Build.0 = Debug|Any CPU
		{DD4B0ADA-1D8F-4E11-8446-463F28779D48}.Release|Any CPU.ActiveCfg = Release|Any CPU
		{DD4B0ADA-1D8F-4E11-8446-463F28779D48}.Release|Any CPU.Build.0 = Release|Any CPU
	EndGlobalSection
	GlobalSection(SolutionProperties) = preSolution
		HideSolutionNode = FALSE
	EndGlobalSection
	GlobalSection(ExtensibilityGlobals) = postSolution
		SolutionGuid = {2150F06D-E161-4CCC-9711-CA215C4720A7}
	EndGlobalSection
EndGlobal
